
Microsoft Visual Studio Solution File, Format Version 12.00
# Visual Studio 15
Project("{FAE04EC0-301F-11D3-BF4B-00C04F79EFBC}") = "item", "item.csproj", "{2B1453A8-5FF2-CC9D-7EED-7209AB994A53}"
EndProject
Project("{FAE04EC0-301F-11D3-BF4B-00C04F79EFBC}") = "GameManager", "GameManager.csproj", "{05125916-2898-6316-B8EF-62B952FE4975}"
EndProject
Project("{FAE04EC0-301F-11D3-BF4B-00C04F79EFBC}") = "Assembly-CSharp", "Assembly-CSharp.csproj", "{36EF9AF6-01CE-298D-681B-DB65444D5317}"
EndProject
Project("{FAE04EC0-301F-11D3-BF4B-00C04F79EFBC}") = "TVScreen", "TVScreen.csproj", "{98CB70D0-F437-9190-CC5F-A54F7440AF98}"
EndProject
Project("{FAE04EC0-301F-11D3-BF4B-00C04F79EFBC}") = "Instance", "Instance.csproj", "{50D776D3-D77F-0D15-D73C-260DD73A56CA}"
EndProject
Project("{FAE04EC0-301F-11D3-BF4B-00C04F79EFBC}") = "Player", "Player.csproj", "{5BCF81CC-6B56-E519-65F4-FEEA02D33E04}"
EndProject
Project("{FAE04EC0-301F-11D3-BF4B-00C04F79EFBC}") = "Enemy", "Enemy.csproj", "{589F6A03-88FA-CBDE-FFAB-957C95B77276}"
EndProject
Project("{FAE04EC0-301F-11D3-BF4B-00C04F79EFBC}") = "Title", "Title.csproj", "{E01AEC23-00F4-5599-7706-539C7C538FBE}"
EndProject
Project("{FAE04EC0-301F-11D3-BF4B-00C04F79EFBC}") = "Camera", "Camera.csproj", "{FD756199-32A1-0397-7320-C10BE8CBCAF2}"
EndProject
Project("{FAE04EC0-301F-11D3-BF4B-00C04F79EFBC}") = "UI", "UI.csproj", "{B9E96ED9-4A91-0670-A698-97B292EF8577}"
EndProject
Project("{FAE04EC0-301F-11D3-BF4B-00C04F79EFBC}") = "Vase", "Vase.csproj", "{9D988013-7D91-A4C3-BE70-F4477438BB15}"
EndProject
Project("{FAE04EC0-301F-11D3-BF4B-00C04F79EFBC}") = "Flag", "Flag.csproj", "{20F1B346-AE08-B336-6508-8C9A7A4D331C}"
EndProject
Project("{FAE04EC0-301F-11D3-BF4B-00C04F79EFBC}") = "Abstract", "Abstract.csproj", "{C93FB914-77C9-6F89-C8E2-D14AD244750F}"
EndProject
Project("{FAE04EC0-301F-11D3-BF4B-00C04F79EFBC}") = "RoseSpawn", "RoseSpawn.csproj", "{D690AAD1-1EA5-E825-E272-6315B0E48A24}"
EndProject
Global
	GlobalSection(SolutionConfigurationPlatforms) = preSolution
		Debug|Any CPU = Debug|Any CPU
		Release|Any CPU = Release|Any CPU
	EndGlobalSection
	GlobalSection(ProjectConfigurationPlatforms) = postSolution
		{2B1453A8-5FF2-CC9D-7EED-7209AB994A53}.Debug|Any CPU.ActiveCfg = Debug|Any CPU
		{2B1453A8-5FF2-CC9D-7EED-7209AB994A53}.Debug|Any CPU.Build.0 = Debug|Any CPU
		{2B1453A8-5FF2-CC9D-7EED-7209AB994A53}.Release|Any CPU.ActiveCfg = Release|Any CPU
		{2B1453A8-5FF2-CC9D-7EED-7209AB994A53}.Release|Any CPU.Build.0 = Release|Any CPU
		{05125916-2898-6316-B8EF-62B952FE4975}.Debug|Any CPU.ActiveCfg = Debug|Any CPU
		{05125916-2898-6316-B8EF-62B952FE4975}.Debug|Any CPU.Build.0 = Debug|Any CPU
		{05125916-2898-6316-B8EF-62B952FE4975}.Release|Any CPU.ActiveCfg = Release|Any CPU
		{05125916-2898-6316-B8EF-62B952FE4975}.Release|Any CPU.Build.0 = Release|Any CPU
		{36EF9AF6-01CE-298D-681B-DB65444D5317}.Debug|Any CPU.ActiveCfg = Debug|Any CPU
		{36EF9AF6-01CE-298D-681B-DB65444D5317}.Debug|Any CPU.Build.0 = Debug|Any CPU
		{36EF9AF6-01CE-298D-681B-DB65444D5317}.Release|Any CPU.ActiveCfg = Release|Any CPU
		{36EF9AF6-01CE-298D-681B-DB65444D5317}.Release|Any CPU.Build.0 = Release|Any CPU
		{98CB70D0-F437-9190-CC5F-A54F7440AF98}.Debug|Any CPU.ActiveCfg = Debug|Any CPU
		{98CB70D0-F437-9190-CC5F-A54F7440AF98}.Debug|Any CPU.Build.0 = Debug|Any CPU
		{98CB70D0-F437-9190-CC5F-A54F7440AF98}.Release|Any CPU.ActiveCfg = Release|Any CPU
		{98CB70D0-F437-9190-CC5F-A54F7440AF98}.Release|Any CPU.Build.0 = Release|Any CPU
		{50D776D3-D77F-0D15-D73C-260DD73A56CA}.Debug|Any CPU.ActiveCfg = Debug|Any CPU
		{50D776D3-D77F-0D15-D73C-260DD73A56CA}.Debug|Any CPU.Build.0 = Debug|Any CPU
		{50D776D3-D77F-0D15-D73C-260DD73A56CA}.Release|Any CPU.ActiveCfg = Release|Any CPU
		{50D776D3-D77F-0D15-D73C-260DD73A56CA}.Release|Any CPU.Build.0 = Release|Any CPU
		{5BCF81CC-6B56-E519-65F4-FEEA02D33E04}.Debug|Any CPU.ActiveCfg = Debug|Any CPU
		{5BCF81CC-6B56-E519-65F4-FEEA02D33E04}.Debug|Any CPU.Build.0 = Debug|Any CPU
		{5BCF81CC-6B56-E519-65F4-FEEA02D33E04}.Release|Any CPU.ActiveCfg = Release|Any CPU
		{5BCF81CC-6B56-E519-65F4-FEEA02D33E04}.Release|Any CPU.Build.0 = Release|Any CPU
		{589F6A03-88FA-CBDE-FFAB-957C95B77276}.Debug|Any CPU.ActiveCfg = Debug|Any CPU
		{589F6A03-88FA-CBDE-FFAB-957C95B77276}.Debug|Any CPU.Build.0 = Debug|Any CPU
		{589F6A03-88FA-CBDE-FFAB-957C95B77276}.Release|Any CPU.ActiveCfg = Release|Any CPU
		{589F6A03-88FA-CBDE-FFAB-957C95B77276}.Release|Any CPU.Build.0 = Release|Any CPU
		{E01AEC23-00F4-5599-7706-539C7C538FBE}.Debug|Any CPU.ActiveCfg = Debug|Any CPU
		{E01AEC23-00F4-5599-7706-539C7C538FBE}.Debug|Any CPU.Build.0 = Debug|Any CPU
		{E01AEC23-00F4-5599-7706-539C7C538FBE}.Release|Any CPU.ActiveCfg = Release|Any CPU
		{E01AEC23-00F4-5599-7706-539C7C538FBE}.Release|Any CPU.Build.0 = Release|Any CPU
		{FD756199-32A1-0397-7320-C10BE8CBCAF2}.Debug|Any CPU.ActiveCfg = Debug|Any CPU
		{FD756199-32A1-0397-7320-C10BE8CBCAF2}.Debug|Any CPU.Build.0 = Debug|Any CPU
		{FD756199-32A1-0397-7320-C10BE8CBCAF2}.Release|Any CPU.ActiveCfg = Release|Any CPU
		{FD756199-32A1-0397-7320-C10BE8CBCAF2}.Release|Any CPU.Build.0 = Release|Any CPU
		{B9E96ED9-4A91-0670-A698-97B292EF8577}.Debug|Any CPU.ActiveCfg = Debug|Any CPU
		{B9E96ED9-4A91-0670-A698-97B292EF8577}.Debug|Any CPU.Build.0 = Debug|Any CPU
		{B9E96ED9-4A91-0670-A698-97B292EF8577}.Release|Any CPU.ActiveCfg = Release|Any CPU
		{B9E96ED9-4A91-0670-A698-97B292EF8577}.Release|Any CPU.Build.0 = Release|Any CPU
		{9D988013-7D91-A4C3-BE70-F4477438BB15}.Debug|Any CPU.ActiveCfg = Debug|Any CPU
		{9D988013-7D91-A4C3-BE70-F4477438BB15}.Debug|Any CPU.Build.0 = Debug|Any CPU
		{9D988013-7D91-A4C3-BE70-F4477438BB15}.Release|Any CPU.ActiveCfg = Release|Any CPU
		{9D988013-7D91-A4C3-BE70-F4477438BB15}.Release|Any CPU.Build.0 = Release|Any CPU
		{20F1B346-AE08-B336-6508-8C9A7A4D331C}.Debug|Any CPU.ActiveCfg = Debug|Any CPU
		{20F1B346-AE08-B336-6508-8C9A7A4D331C}.Debug|Any CPU.Build.0 = Debug|Any CPU
		{20F1B346-AE08-B336-6508-8C9A7A4D331C}.Release|Any CPU.ActiveCfg = Release|Any CPU
		{20F1B346-AE08-B336-6508-8C9A7A4D331C}.Release|Any CPU.Build.0 = Release|Any CPU
		{C93FB914-77C9-6F89-C8E2-D14AD244750F}.Debug|Any CPU.ActiveCfg = Debug|Any CPU
		{C93FB914-77C9-6F89-C8E2-D14AD244750F}.Debug|Any CPU.Build.0 = Debug|Any CPU
		{C93FB914-77C9-6F89-C8E2-D14AD244750F}.Release|Any CPU.ActiveCfg = Release|Any CPU
		{C93FB914-77C9-6F89-C8E2-D14AD244750F}.Release|Any CPU.Build.0 = Release|Any CPU
		{D690AAD1-1EA5-E825-E272-6315B0E48A24}.Debug|Any CPU.ActiveCfg = Debug|Any CPU
		{D690AAD1-1EA5-E825-E272-6315B0E48A24}.Debug|Any CPU.Build.0 = Debug|Any CPU
		{D690AAD1-1EA5-E825-E272-6315B0E48A24}.Release|Any CPU.ActiveCfg = Release|Any CPU
		{D690AAD1-1EA5-E825-E272-6315B0E48A24}.Release|Any CPU.Build.0 = Release|Any CPU
	EndGlobalSection
	GlobalSection(SolutionProperties) = preSolution
		HideSolutionNode = FALSE
	EndGlobalSection
EndGlobal
